
Microsoft Visual Studio Solution File, Format Version 12.00
# Visual Studio Version 17
VisualStudioVersion = 17.13.35931.197 d17.13
MinimumVisualStudioVersion = 10.0.40219.1
Project("{FAE04EC0-301F-11D3-BF4B-00C04F79EFBC}") = "cryptoview", "cryptoview.csproj", "{99A4DC01-BE48-454B-8A28-532BEAD364EB}"
EndProject
Global
	GlobalSection(SolutionConfigurationPlatforms) = preSolution
		Debug|Any CPU = Debug|Any CPU
		Release|Any CPU = Release|Any CPU
	EndGlobalSection
	GlobalSection(ProjectConfigurationPlatforms) = postSolution
		{99A4DC01-BE48-454B-8A28-532BEAD364EB}.Debug|Any CPU.ActiveCfg = Debug|Any CPU
		{99A4DC01-BE48-454B-8A28-532BEAD364EB}.Debug|Any CPU.Build.0 = Debug|Any CPU
		{99A4DC01-BE48-454B-8A28-532BEAD364EB}.Release|Any CPU.ActiveCfg = Release|Any CPU
		{99A4DC01-BE48-454B-8A28-532BEAD364EB}.Release|Any CPU.Build.0 = Release|Any CPU
	EndGlobalSection
	GlobalSection(SolutionProperties) = preSolution
		HideSolutionNode = FALSE
	EndGlobalSection
	GlobalSection(ExtensibilityGlobals) = postSolution
		SolutionGuid = {03A04E30-29CC-49A0-858B-13B611BB7CF5}
	EndGlobalSection
EndGlobal
